
Microsoft Visual Studio Solution File, Format Version 12.00
# Visual Studio Version 16
VisualStudioVersion = 16.0.29512.175
MinimumVisualStudioVersion = 10.0.40219.1
Project("{FAE04EC0-301F-11D3-BF4B-00C04F79EFBC}") = "BlackJackConsole", "BlackJackConsole.csproj", "{F914C61B-35BF-43F4-B06F-294E3E996746}"
EndProject
Global
	GlobalSection(SolutionConfigurationPlatforms) = preSolution
		Debug|Any CPU = Debug|Any CPU
		Release|Any CPU = Release|Any CPU
	EndGlobalSection
	GlobalSection(ProjectConfigurationPlatforms) = postSolution
		{F914C61B-35BF-43F4-B06F-294E3E996746}.Debug|Any CPU.ActiveCfg = Debug|Any CPU
		{F914C61B-35BF-43F4-B06F-294E3E996746}.Debug|Any CPU.Build.0 = Debug|Any CPU
		{F914C61B-35BF-43F4-B06F-294E3E996746}.Release|Any CPU.ActiveCfg = Release|Any CPU
		{F914C61B-35BF-43F4-B06F-294E3E996746}.Release|Any CPU.Build.0 = Release|Any CPU
	EndGlobalSection
	GlobalSection(SolutionProperties) = preSolution
		HideSolutionNode = FALSE
	EndGlobalSection
	GlobalSection(ExtensibilityGlobals) = postSolution
		SolutionGuid = {1247892F-F5BF-461B-A4E5-09F5DDC910AD}
	EndGlobalSection
EndGlobal
